
Microsoft Visual Studio Solution File, Format Version 12.00
# Visual Studio Version 16
VisualStudioVersion = 16.0.29201.188
MinimumVisualStudioVersion = 10.0.40219.1
Project("{FAE04EC0-301F-11D3-BF4B-00C04F79EFBC}") = "20210922", "20210922\20210922.csproj", "{72E6BF8D-0134-4B5E-97C4-19CC9FA47C72}"
EndProject
Global
	GlobalSection(SolutionConfigurationPlatforms) = preSolution
		Debug|Any CPU = Debug|Any CPU
		Release|Any CPU = Release|Any CPU
	EndGlobalSection
	GlobalSection(ProjectConfigurationPlatforms) = postSolution
		{72E6BF8D-0134-4B5E-97C4-19CC9FA47C72}.Debug|Any CPU.ActiveCfg = Debug|Any CPU
		{72E6BF8D-0134-4B5E-97C4-19CC9FA47C72}.Debug|Any CPU.Build.0 = Debug|Any CPU
		{72E6BF8D-0134-4B5E-97C4-19CC9FA47C72}.Release|Any CPU.ActiveCfg = Release|Any CPU
		{72E6BF8D-0134-4B5E-97C4-19CC9FA47C72}.Release|Any CPU.Build.0 = Release|Any CPU
	EndGlobalSection
	GlobalSection(SolutionProperties) = preSolution
		HideSolutionNode = FALSE
	EndGlobalSection
	GlobalSection(ExtensibilityGlobals) = postSolution
		SolutionGuid = {BCC251DE-638B-41AF-BF34-9E6BD3792787}
	EndGlobalSection
EndGlobal
