
Microsoft Visual Studio Solution File, Format Version 12.00
# Visual Studio Version 16
VisualStudioVersion = 16.0.29201.188
MinimumVisualStudioVersion = 10.0.40219.1
Project("{FAE04EC0-301F-11D3-BF4B-00C04F79EFBC}") = "20210929", "20210929\20210929.csproj", "{FD457D1E-E819-4530-971F-7AE04D86AED0}"
EndProject
Global
	GlobalSection(SolutionConfigurationPlatforms) = preSolution
		Debug|Any CPU = Debug|Any CPU
		Release|Any CPU = Release|Any CPU
	EndGlobalSection
	GlobalSection(ProjectConfigurationPlatforms) = postSolution
		{FD457D1E-E819-4530-971F-7AE04D86AED0}.Debug|Any CPU.ActiveCfg = Debug|Any CPU
		{FD457D1E-E819-4530-971F-7AE04D86AED0}.Debug|Any CPU.Build.0 = Debug|Any CPU
		{FD457D1E-E819-4530-971F-7AE04D86AED0}.Release|Any CPU.ActiveCfg = Release|Any CPU
		{FD457D1E-E819-4530-971F-7AE04D86AED0}.Release|Any CPU.Build.0 = Release|Any CPU
	EndGlobalSection
	GlobalSection(SolutionProperties) = preSolution
		HideSolutionNode = FALSE
	EndGlobalSection
	GlobalSection(ExtensibilityGlobals) = postSolution
		SolutionGuid = {C4E6A962-15E1-48A8-9B8F-AD55ABFD1BD3}
	EndGlobalSection
EndGlobal
